Microsoft Visual Studio Solution File, Format Version 12.00
# Visual Studio Version 17
VisualStudioVersion = 17.5.2.0
MinimumVisualStudioVersion = 10.0.40219.1
Project("{FAE04EC0-301F-11D3-BF4B-00C04F79EFBC}") = "GoodSleepEIP", "GoodSleepEIP.csproj", "{094A80FD-514A-2CE1-DF58-6FE9473626A3}"
EndProject
Global
	GlobalSection(SolutionConfigurationPlatforms) = preSolution
		Debug|Any CPU = Debug|Any CPU
		Release|Any CPU = Release|Any CPU
	EndGlobalSection
	GlobalSection(ProjectConfigurationPlatforms) = postSolution
		{094A80FD-514A-2CE1-DF58-6FE9473626A3}.Debug|Any CPU.ActiveCfg = Debug|Any CPU
		{094A80FD-514A-2CE1-DF58-6FE9473626A3}.Debug|Any CPU.Build.0 = Debug|Any CPU
		{094A80FD-514A-2CE1-DF58-6FE9473626A3}.Release|Any CPU.ActiveCfg = Release|Any CPU
		{094A80FD-514A-2CE1-DF58-6FE9473626A3}.Release|Any CPU.Build.0 = Release|Any CPU
	EndGlobalSection
	GlobalSection(SolutionProperties) = preSolution
		HideSolutionNode = FALSE
	EndGlobalSection
	GlobalSection(ExtensibilityGlobals) = postSolution
		SolutionGuid = {3FA840F8-7E0A-4675-A765-790C8496DA3E}
	EndGlobalSection
EndGlobal
